PODS:
  - Realm (10.2.0):
    - Realm/Headers (= 10.2.0)
  - Realm/Headers (10.2.0)
  - RealmSwift (10.2.0):
    - Realm (= 10.2.0)
  - SwiftLint (0.41.0)

DEPENDENCIES:
  - RealmSwift (= 10.2.0)
  - SwiftLint

SPEC REPOS:
  trunk:
    - Realm
    - RealmSwift
    - SwiftLint

SPEC CHECKSUMS:
  Realm: d7914ebf66bb182469726f997c4c38eff286aab0
  RealmSwift: aad08b7dc8c732b7b5794286e9df83739bf834f1
  SwiftLint: c585ebd615d9520d7fbdbe151f527977b0534f1e

PODFILE CHECKSUM: 8e6a91a865d6aa08dcae975ce3f68752b8098ff9

COCOAPODS: 1.10.0
