// !$*UTF8*$!
{
	archiveVersion = 1;
	classes = {
	};
	objectVersion = 52;
	objects = {

/* Begin PBXBuildFile section */
		0A0E1CAE2785AF280087D3C2 /* PreviewColorScheme.swift in Sources */ = {isa = PBXBuildFile; fileRef = 0A0E1CAA2785AF280087D3C2 /* PreviewColorScheme.swift */; };
		0A0E1CAF2785AF280087D3C2 /* PreviewNoDevice.swift in Sources */ = {isa = PBXBuildFile; fileRef = 0A0E1CAB2785AF280087D3C2 /* PreviewNoDevice.swift */; };
		0A0E1CB02785AF280087D3C2 /* PreviewOrientation.swift in Sources */ = {isa = PBXBuildFile; fileRef = 0A0E1CAC2785AF280087D3C2 /* PreviewOrientation.swift */; };
		0A0E1CB12785AF280087D3C2 /* PreviewDevices.swift in Sources */ = {isa = PBXBuildFile; fileRef = 0A0E1CAD2785AF280087D3C2 /* PreviewDevices.swift */; };
		0A0E1CB32785F4430087D3C2 /* SetUserProfileView.swift in Sources */ = {isa = PBXBuildFile; fileRef = 0A0E1CB22785F4430087D3C2 /* SetUserProfileView.swift */; };
		0A0E1CB5278600DA0087D3C2 /* LoggedInView.swift in Sources */ = {isa = PBXBuildFile; fileRef = 0A0E1CB4278600DA0087D3C2 /* LoggedInView.swift */; };
		0A28D338258B9ABC005D68E3 /* Realm in Frameworks */ = {isa = PBXBuildFile; productRef = 0A28D337258B9ABC005D68E3 /* Realm */; };
		0A28D33A258B9ABC005D68E3 /* RealmSwift in Frameworks */ = {isa = PBXBuildFile; productRef = 0A28D339258B9ABC005D68E3 /* RealmSwift */; };
		0A4EA3B4258D32960003F0E4 /* CheckBox.swift in Sources */ = {isa = PBXBuildFile; fileRef = 0A4EA3B3258D32960003F0E4 /* CheckBox.swift */; };
		0A87398825C9BECD0038F2FE /* ChatRoomBubblesView.swift in Sources */ = {isa = PBXBuildFile; fileRef = 0A87398725C9BECD0038F2FE /* ChatRoomBubblesView.swift */; };
		0AB24A0326F0DC0D00B69B7F /* TextDate.swift in Sources */ = {isa = PBXBuildFile; fileRef = 0AB24A0226F0DC0D00B69B7F /* TextDate.swift */; };
		0AC8E20F26EF5753006EF60C /* MarkDown.swift in Sources */ = {isa = PBXBuildFile; fileRef = 0AC8E20E26EF5753006EF60C /* MarkDown.swift */; };
		0AD0C7F825D4418A00C2A44D /* SaveConversationButton.swift in Sources */ = {isa = PBXBuildFile; fileRef = 0AD0C7F725D4418A00C2A44D /* SaveConversationButton.swift */; };
		0AEBFBFE25D2DF1A0003D631 /* AuthorView.swift in Sources */ = {isa = PBXBuildFile; fileRef = 0AEBFBFD25D2DF1A0003D631 /* AuthorView.swift */; };
		49012A2F256BEA4C00C3614B /* RChatApp.swift in Sources */ = {isa = PBXBuildFile; fileRef = 49012A2E256BEA4C00C3614B /* RChatApp.swift */; };
		49012A31256BEA4C00C3614B /* ContentView.swift in Sources */ = {isa = PBXBuildFile; fileRef = 49012A30256BEA4C00C3614B /* ContentView.swift */; };
		49012A33256BEA4E00C3614B /* Assets.xcassets in Resources */ = {isa = PBXBuildFile; fileRef = 49012A32256BEA4E00C3614B /* Assets.xcassets */; };
		49012A36256BEA4E00C3614B /* Preview Assets.xcassets in Resources */ = {isa = PBXBuildFile; fileRef = 49012A35256BEA4E00C3614B /* Preview Assets.xcassets */; };
		49012A41256BEA4E00C3614B /* RChatTests.swift in Sources */ = {isa = PBXBuildFile; fileRef = 49012A40256BEA4E00C3614B /* RChatTests.swift */; };
		49012A4C256BEA4E00C3614B /* RChatUITests.swift in Sources */ = {isa = PBXBuildFile; fileRef = 49012A4B256BEA4E00C3614B /* RChatUITests.swift */; };
		49012A6F256BECF200C3614B /* PreviewHelpers.swift in Sources */ = {isa = PBXBuildFile; fileRef = 49012A6E256BECF200C3614B /* PreviewHelpers.swift */; };
		49012AA1256BEEC500C3614B /* LabeledText.swift in Sources */ = {isa = PBXBuildFile; fileRef = 49012AA0256BEEC500C3614B /* LabeledText.swift */; };
		49012AA6256BEEFA00C3614B /* InputField.swift in Sources */ = {isa = PBXBuildFile; fileRef = 49012AA5256BEEFA00C3614B /* InputField.swift */; };
		49012AAB256BEF1700C3614B /* CaptionLabel.swift in Sources */ = {isa = PBXBuildFile; fileRef = 49012AAA256BEF1700C3614B /* CaptionLabel.swift */; };
		49012AB8256BEF6E00C3614B /* CallToActionButton.swift in Sources */ = {isa = PBXBuildFile; fileRef = 49012AB7256BEF6E00C3614B /* CallToActionButton.swift */; };
		49012ABD256BEF8000C3614B /* LabeledButton.swift in Sources */ = {isa = PBXBuildFile; fileRef = 49012ABC256BEF8000C3614B /* LabeledButton.swift */; };
		49012AC7256BEFAB00C3614B /* OpaqueProgressView.swift in Sources */ = {isa = PBXBuildFile; fileRef = 49012AC6256BEFAB00C3614B /* OpaqueProgressView.swift */; };
		49012ACC256BEFFA00C3614B /* AppState.swift in Sources */ = {isa = PBXBuildFile; fileRef = 49012ACB256BEFFA00C3614B /* AppState.swift */; };
		49012AED256BF2DF00C3614B /* User.swift in Sources */ = {isa = PBXBuildFile; fileRef = 49012AEC256BF2DF00C3614B /* User.swift */; };
		49012AF2256BF44700C3614B /* UserPreferences.swift in Sources */ = {isa = PBXBuildFile; fileRef = 49012AF1256BF44700C3614B /* UserPreferences.swift */; };
		49012AF7256BF59200C3614B /* ChatMessage.swift in Sources */ = {isa = PBXBuildFile; fileRef = 49012AF6256BF59200C3614B /* ChatMessage.swift */; };
		49012AFC256BF90100C3614B /* Conversation.swift in Sources */ = {isa = PBXBuildFile; fileRef = 49012AFB256BF90100C3614B /* Conversation.swift */; };
		49012B05256C23CB00C3614B /* LoginView.swift in Sources */ = {isa = PBXBuildFile; fileRef = 49012B04256C23CB00C3614B /* LoginView.swift */; };
		49012B12256C240F00C3614B /* LogoutButton.swift in Sources */ = {isa = PBXBuildFile; fileRef = 49012B11256C240F00C3614B /* LogoutButton.swift */; };
		49012B24256C4F4F00C3614B /* SampleData.swift in Sources */ = {isa = PBXBuildFile; fileRef = 49012B23256C4F4F00C3614B /* SampleData.swift */; };
		49012B29256C678F00C3614B /* UserProfileButton.swift in Sources */ = {isa = PBXBuildFile; fileRef = 49012B28256C678E00C3614B /* UserProfileButton.swift */; };
		49012B40256D154400C3614B /* AvatarThumbNailView.swift in Sources */ = {isa = PBXBuildFile; fileRef = 49012B3F256D154400C3614B /* AvatarThumbNailView.swift */; };
		49012B45256D162D00C3614B /* Photo.swift in Sources */ = {isa = PBXBuildFile; fileRef = 49012B44256D162D00C3614B /* Photo.swift */; };
		49012B53256D25BC00C3614B /* PhotoCaptureController.swift in Sources */ = {isa = PBXBuildFile; fileRef = 49012B52256D25BC00C3614B /* PhotoCaptureController.swift */; };
		49012B58256D2BF600C3614B /* UIImage+Thumbnail.swift in Sources */ = {isa = PBXBuildFile; fileRef = 49012B57256D2BF600C3614B /* UIImage+Thumbnail.swift */; };
		49012B5D256D2D9700C3614B /* PhotoFullSizeView.swift in Sources */ = {isa = PBXBuildFile; fileRef = 49012B5C256D2D9700C3614B /* PhotoFullSizeView.swift */; };
		49012B62256D2E2B00C3614B /* BackButton.swift in Sources */ = {isa = PBXBuildFile; fileRef = 49012B61256D2E2B00C3614B /* BackButton.swift */; };
		49012B75256D658000C3614B /* AvatarButton.swift in Sources */ = {isa = PBXBuildFile; fileRef = 49012B74256D658000C3614B /* AvatarButton.swift */; };
		49012B7E256D841900C3614B /* LocationHelper.swift in Sources */ = {isa = PBXBuildFile; fileRef = 49012B7D256D841900C3614B /* LocationHelper.swift */; };
		49012B89256D89F100C3614B /* UserAvatarView.swift in Sources */ = {isa = PBXBuildFile; fileRef = 49012B88256D89F100C3614B /* UserAvatarView.swift */; };
		49012B8E256D8A7700C3614B /* OnOffCircleView.swift in Sources */ = {isa = PBXBuildFile; fileRef = 49012B8D256D8A7700C3614B /* OnOffCircleView.swift */; };
		49012B93256D8DB000C3614B /* ThumbnailPhotoView.swift in Sources */ = {isa = PBXBuildFile; fileRef = 49012B92256D8DB000C3614B /* ThumbnailPhotoView.swift */; };
		49012B98256D8FDD00C3614B /* BlankPersonIconView.swift in Sources */ = {isa = PBXBuildFile; fileRef = 49012B97256D8FDD00C3614B /* BlankPersonIconView.swift */; };
		49012BA5256E83EB00C3614B /* OnlineAlertSettings.swift in Sources */ = {isa = PBXBuildFile; fileRef = 49012BA4256E83EB00C3614B /* OnlineAlertSettings.swift */; };
		4910B02C257FF91F00F274F0 /* SearchBox.swift in Sources */ = {isa = PBXBuildFile; fileRef = 4910B02B257FF91F00F274F0 /* SearchBox.swift */; };
		491269AF25822D800083C817 /* MapThumbnailWithExpand.swift in Sources */ = {isa = PBXBuildFile; fileRef = 491269AE25822D800083C817 /* MapThumbnailWithExpand.swift */; };
		491269B425822FB30083C817 /* MapView.swift in Sources */ = {isa = PBXBuildFile; fileRef = 491269B325822FB30083C817 /* MapView.swift */; };
		491C1F9425812F77000EF408 /* LocationButton.swift in Sources */ = {isa = PBXBuildFile; fileRef = 491C1F9325812F77000EF408 /* LocationButton.swift */; };
		491C1F9A25813E5B000EF408 /* MapThumbnailWithDelete.swift in Sources */ = {isa = PBXBuildFile; fileRef = 491C1F9925813E5B000EF408 /* MapThumbnailWithDelete.swift */; };
		4950E100256FAE0600FA7E26 /* Thumbnail.swift in Sources */ = {isa = PBXBuildFile; fileRef = 4950E0FF256FAE0600FA7E26 /* Thumbnail.swift */; };
		4950E108256FD61400FA7E26 /* ConversationCardContentsView.swift in Sources */ = {isa = PBXBuildFile; fileRef = 4950E107256FD61400FA7E26 /* ConversationCardContentsView.swift */; };
		4950E10D256FD9F300FA7E26 /* MugShotGridView.swift in Sources */ = {isa = PBXBuildFile; fileRef = 4950E10C256FD9F300FA7E26 /* MugShotGridView.swift */; };
		496F1ABB2577D9C700B946A9 /* ChatInputBox.swift in Sources */ = {isa = PBXBuildFile; fileRef = 496F1ABA2577D9C700B946A9 /* ChatInputBox.swift */; };
		496F1AE02577EC1F00B946A9 /* ThumbNailView.swift in Sources */ = {isa = PBXBuildFile; fileRef = 496F1ADF2577EC1F00B946A9 /* ThumbNailView.swift */; };
		497EF90D2576719B0045A5EA /* Member.swift in Sources */ = {isa = PBXBuildFile; fileRef = 497EF90C2576719B0045A5EA /* Member.swift */; };
		498344A4257E395900E7BAFF /* ThumbnailWithExpand.swift in Sources */ = {isa = PBXBuildFile; fileRef = 498344A3257E395900E7BAFF /* ThumbnailWithExpand.swift */; };
		498CD5A425795B24007396DC /* ChatRoomView.swift in Sources */ = {isa = PBXBuildFile; fileRef = 498CD5A325795B24007396DC /* ChatRoomView.swift */; };
		499E1E8A256EB6F50036614F /* Chatster.swift in Sources */ = {isa = PBXBuildFile; fileRef = 499E1E89256EB6F50036614F /* Chatster.swift */; };
		499E1E97256ED6410036614F /* ConversationListView.swift in Sources */ = {isa = PBXBuildFile; fileRef = 499E1E96256ED6410036614F /* ConversationListView.swift */; };
		499E1EA2256FAACC0036614F /* ConversationCardView.swift in Sources */ = {isa = PBXBuildFile; fileRef = 499E1EA1256FAACC0036614F /* ConversationCardView.swift */; };
		49CF1C9325791C3000DF251E /* ButtonTemplate.swift in Sources */ = {isa = PBXBuildFile; fileRef = 49CF1C9225791C3000DF251E /* ButtonTemplate.swift */; };
		49CF1C992579246600DF251E /* CameraButton.swift in Sources */ = {isa = PBXBuildFile; fileRef = 49CF1C982579246600DF251E /* CameraButton.swift */; };
		49CF1CA12579258A00DF251E /* AttachButton.swift in Sources */ = {isa = PBXBuildFile; fileRef = 49CF1CA02579258A00DF251E /* AttachButton.swift */; };
		49CF1CA6257926F000DF251E /* ThumbnailWithDelete.swift in Sources */ = {isa = PBXBuildFile; fileRef = 49CF1CA5257926F000DF251E /* ThumbnailWithDelete.swift */; };
		49CF1CAB25792AB600DF251E /* DeleteButton.swift in Sources */ = {isa = PBXBuildFile; fileRef = 49CF1CAA25792AB600DF251E /* DeleteButton.swift */; };
		49D1C12E257AA182007343ED /* ChatBubbleView.swift in Sources */ = {isa = PBXBuildFile; fileRef = 49D1C12D257AA182007343ED /* ChatBubbleView.swift */; };
		49D9327725790E8800F9EB45 /* SendButton.swift in Sources */ = {isa = PBXBuildFile; fileRef = 49D9327625790E8800F9EB45 /* SendButton.swift */; };
		49F00E9D25715C0100ADC23F /* NewConversationView.swift in Sources */ = {isa = PBXBuildFile; fileRef = 49F00E9C25715C0000ADC23F /* NewConversationView.swift */; };
/* End PBXBuildFile section */

/* Begin PBXContainerItemProxy section */
		49012A3D256BEA4E00C3614B /* PBXContainerItemProxy */ = {
			isa = PBXContainerItemProxy;
			containerPortal = 49012A23256BEA4C00C3614B /* Project object */;
			proxyType = 1;
			remoteGlobalIDString = 49012A2A256BEA4C00C3614B;
			remoteInfo = RChat;
		};
		49012A48256BEA4E00C3614B /* PBXContainerItemProxy */ = {
			isa = PBXContainerItemProxy;
			containerPortal = 49012A23256BEA4C00C3614B /* Project object */;
			proxyType = 1;
			remoteGlobalIDString = 49012A2A256BEA4C00C3614B;
			remoteInfo = RChat;
		};
/* End PBXContainerItemProxy section */

/* Begin PBXFileReference section */
		0A0E1CAA2785AF280087D3C2 /* PreviewColorScheme.swift */ = {isa = PBXFileReference; fileEncoding = 4; lastKnownFileType = sourcecode.swift; path = PreviewColorScheme.swift; sourceTree = "<group>"; };
		0A0E1CAB2785AF280087D3C2 /* PreviewNoDevice.swift */ = {isa = PBXFileReference; fileEncoding = 4; lastKnownFileType = sourcecode.swift; path = PreviewNoDevice.swift; sourceTree = "<group>"; };
		0A0E1CAC2785AF280087D3C2 /* PreviewOrientation.swift */ = {isa = PBXFileReference; fileEncoding = 4; lastKnownFileType = sourcecode.swift; path = PreviewOrientation.swift; sourceTree = "<group>"; };
		0A0E1CAD2785AF280087D3C2 /* PreviewDevices.swift */ = {isa = PBXFileReference; fileEncoding = 4; lastKnownFileType = sourcecode.swift; path = PreviewDevices.swift; sourceTree = "<group>"; };
		0A0E1CB22785F4430087D3C2 /* SetUserProfileView.swift */ = {isa = PBXFileReference; lastKnownFileType = sourcecode.swift; path = SetUserProfileView.swift; sourceTree = "<group>"; };
		0A0E1CB4278600DA0087D3C2 /* LoggedInView.swift */ = {isa = PBXFileReference; lastKnownFileType = sourcecode.swift; path = LoggedInView.swift; sourceTree = "<group>"; };
		0A3520E125949D00006DCC46 /* RChat.entitlements */ = {isa = PBXFileReference; lastKnownFileType = text.plist.entitlements; path = RChat.entitlements; sourceTree = "<group>"; };
		0A4EA3B3258D32960003F0E4 /* CheckBox.swift */ = {isa = PBXFileReference; lastKnownFileType = sourcecode.swift; path = CheckBox.swift; sourceTree = "<group>"; };
		0A87398725C9BECD0038F2FE /* ChatRoomBubblesView.swift */ = {isa = PBXFileReference; lastKnownFileType = sourcecode.swift; path = ChatRoomBubblesView.swift; sourceTree = "<group>"; };
		0AB24A0226F0DC0D00B69B7F /* TextDate.swift */ = {isa = PBXFileReference; lastKnownFileType = sourcecode.swift; path = TextDate.swift; sourceTree = "<group>"; };
		0AC8E20E26EF5753006EF60C /* MarkDown.swift */ = {isa = PBXFileReference; lastKnownFileType = sourcecode.swift; path = MarkDown.swift; sourceTree = "<group>"; };
		0AD0C7F725D4418A00C2A44D /* SaveConversationButton.swift */ = {isa = PBXFileReference; lastKnownFileType = sourcecode.swift; path = SaveConversationButton.swift; sourceTree = "<group>"; };
		0AEBFBFD25D2DF1A0003D631 /* AuthorView.swift */ = {isa = PBXFileReference; lastKnownFileType = sourcecode.swift; path = AuthorView.swift; sourceTree = "<group>"; };
		49012A2B256BEA4C00C3614B /* RChat.app */ = {isa = PBXFileReference; explicitFileType = wrapper.application; includeInIndex = 0; path = RChat.app; sourceTree = BUILT_PRODUCTS_DIR; };
		49012A2E256BEA4C00C3614B /* RChatApp.swift */ = {isa = PBXFileReference; lastKnownFileType = sourcecode.swift; path = RChatApp.swift; sourceTree = "<group>"; };
		49012A30256BEA4C00C3614B /* ContentView.swift */ = {isa = PBXFileReference; lastKnownFileType = sourcecode.swift; path = ContentView.swift; sourceTree = "<group>"; };
		49012A32256BEA4E00C3614B /* Assets.xcassets */ = {isa = PBXFileReference; lastKnownFileType = folder.assetcatalog; path = Assets.xcassets; sourceTree = "<group>"; };
		49012A35256BEA4E00C3614B /* Preview Assets.xcassets */ = {isa = PBXFileReference; lastKnownFileType = folder.assetcatalog; path = "Preview Assets.xcassets"; sourceTree = "<group>"; };
		49012A37256BEA4E00C3614B /* Info.plist */ = {isa = PBXFileReference; lastKnownFileType = text.plist.xml; path = Info.plist; sourceTree = "<group>"; };
		49012A3C256BEA4E00C3614B /* RChatTests.xctest */ = {isa = PBXFileReference; explicitFileType = wrapper.cfbundle; includeInIndex = 0; path = RChatTests.xctest; sourceTree = BUILT_PRODUCTS_DIR; };
		49012A40256BEA4E00C3614B /* RChatTests.swift */ = {isa = PBXFileReference; lastKnownFileType = sourcecode.swift; path = RChatTests.swift; sourceTree = "<group>"; };
		49012A42256BEA4E00C3614B /* Info.plist */ = {isa = PBXFileReference; lastKnownFileType = text.plist.xml; path = Info.plist; sourceTree = "<group>"; };
		49012A47256BEA4E00C3614B /* RChatUITests.xctest */ = {isa = PBXFileReference; explicitFileType = wrapper.cfbundle; includeInIndex = 0; path = RChatUITests.xctest; sourceTree = BUILT_PRODUCTS_DIR; };
		49012A4B256BEA4E00C3614B /* RChatUITests.swift */ = {isa = PBXFileReference; lastKnownFileType = sourcecode.swift; path = RChatUITests.swift; sourceTree = "<group>"; };
		49012A4D256BEA4E00C3614B /* Info.plist */ = {isa = PBXFileReference; lastKnownFileType = text.plist.xml; path = Info.plist; sourceTree = "<group>"; };
		49012A6E256BECF200C3614B /* PreviewHelpers.swift */ = {isa = PBXFileReference; lastKnownFileType = sourcecode.swift; path = PreviewHelpers.swift; sourceTree = "<group>"; };
		49012AA0256BEEC500C3614B /* LabeledText.swift */ = {isa = PBXFileReference; lastKnownFileType = sourcecode.swift; path = LabeledText.swift; sourceTree = "<group>"; };
		49012AA5256BEEFA00C3614B /* InputField.swift */ = {isa = PBXFileReference; lastKnownFileType = sourcecode.swift; path = InputField.swift; sourceTree = "<group>"; };
		49012AAA256BEF1700C3614B /* CaptionLabel.swift */ = {isa = PBXFileReference; lastKnownFileType = sourcecode.swift; path = CaptionLabel.swift; sourceTree = "<group>"; };
		49012AB7256BEF6E00C3614B /* CallToActionButton.swift */ = {isa = PBXFileReference; lastKnownFileType = sourcecode.swift; path = CallToActionButton.swift; sourceTree = "<group>"; };
		49012ABC256BEF8000C3614B /* LabeledButton.swift */ = {isa = PBXFileReference; lastKnownFileType = sourcecode.swift; path = LabeledButton.swift; sourceTree = "<group>"; };
		49012AC6256BEFAB00C3614B /* OpaqueProgressView.swift */ = {isa = PBXFileReference; lastKnownFileType = sourcecode.swift; path = OpaqueProgressView.swift; sourceTree = "<group>"; };
		49012ACB256BEFFA00C3614B /* AppState.swift */ = {isa = PBXFileReference; lastKnownFileType = sourcecode.swift; path = AppState.swift; sourceTree = "<group>"; };
		49012AEC256BF2DF00C3614B /* User.swift */ = {isa = PBXFileReference; lastKnownFileType = sourcecode.swift; path = User.swift; sourceTree = "<group>"; };
		49012AF1256BF44700C3614B /* UserPreferences.swift */ = {isa = PBXFileReference; lastKnownFileType = sourcecode.swift; path = UserPreferences.swift; sourceTree = "<group>"; };
		49012AF6256BF59200C3614B /* ChatMessage.swift */ = {isa = PBXFileReference; lastKnownFileType = sourcecode.swift; path = ChatMessage.swift; sourceTree = "<group>"; };
		49012AFB256BF90100C3614B /* Conversation.swift */ = {isa = PBXFileReference; lastKnownFileType = sourcecode.swift; path = Conversation.swift; sourceTree = "<group>"; };
		49012B04256C23CB00C3614B /* LoginView.swift */ = {isa = PBXFileReference; lastKnownFileType = sourcecode.swift; path = LoginView.swift; sourceTree = "<group>"; };
		49012B11256C240F00C3614B /* LogoutButton.swift */ = {isa = PBXFileReference; lastKnownFileType = sourcecode.swift; path = LogoutButton.swift; sourceTree = "<group>"; };
		49012B23256C4F4F00C3614B /* SampleData.swift */ = {isa = PBXFileReference; lastKnownFileType = sourcecode.swift; path = SampleData.swift; sourceTree = "<group>"; };
		49012B28256C678E00C3614B /* UserProfileButton.swift */ = {isa = PBXFileReference; lastKnownFileType = sourcecode.swift; path = UserProfileButton.swift; sourceTree = "<group>"; };
		49012B3F256D154400C3614B /* AvatarThumbNailView.swift */ = {isa = PBXFileReference; lastKnownFileType = sourcecode.swift; path = AvatarThumbNailView.swift; sourceTree = "<group>"; };
		49012B44256D162D00C3614B /* Photo.swift */ = {isa = PBXFileReference; lastKnownFileType = sourcecode.swift; path = Photo.swift; sourceTree = "<group>"; };
		49012B52256D25BC00C3614B /* PhotoCaptureController.swift */ = {isa = PBXFileReference; lastKnownFileType = sourcecode.swift; path = PhotoCaptureController.swift; sourceTree = "<group>"; };
		49012B57256D2BF600C3614B /* UIImage+Thumbnail.swift */ = {isa = PBXFileReference; lastKnownFileType = sourcecode.swift; path = "UIImage+Thumbnail.swift"; sourceTree = "<group>"; };
		49012B5C256D2D9700C3614B /* PhotoFullSizeView.swift */ = {isa = PBXFileReference; lastKnownFileType = sourcecode.swift; path = PhotoFullSizeView.swift; sourceTree = "<group>"; };
		49012B61256D2E2B00C3614B /* BackButton.swift */ = {isa = PBXFileReference; lastKnownFileType = sourcecode.swift; path = BackButton.swift; sourceTree = "<group>"; };
		49012B74256D658000C3614B /* AvatarButton.swift */ = {isa = PBXFileReference; lastKnownFileType = sourcecode.swift; path = AvatarButton.swift; sourceTree = "<group>"; };
		49012B7D256D841900C3614B /* LocationHelper.swift */ = {isa = PBXFileReference; lastKnownFileType = sourcecode.swift; path = LocationHelper.swift; sourceTree = "<group>"; };
		49012B88256D89F100C3614B /* UserAvatarView.swift */ = {isa = PBXFileReference; lastKnownFileType = sourcecode.swift; path = UserAvatarView.swift; sourceTree = "<group>"; };
		49012B8D256D8A7700C3614B /* OnOffCircleView.swift */ = {isa = PBXFileReference; lastKnownFileType = sourcecode.swift; path = OnOffCircleView.swift; sourceTree = "<group>"; };
		49012B92256D8DB000C3614B /* ThumbnailPhotoView.swift */ = {isa = PBXFileReference; lastKnownFileType = sourcecode.swift; path = ThumbnailPhotoView.swift; sourceTree = "<group>"; };
		49012B97256D8FDD00C3614B /* BlankPersonIconView.swift */ = {isa = PBXFileReference; lastKnownFileType = sourcecode.swift; path = BlankPersonIconView.swift; sourceTree = "<group>"; };
		49012BA4256E83EB00C3614B /* OnlineAlertSettings.swift */ = {isa = PBXFileReference; lastKnownFileType = sourcecode.swift; path = OnlineAlertSettings.swift; sourceTree = "<group>"; };
		4910B02B257FF91F00F274F0 /* SearchBox.swift */ = {isa = PBXFileReference; lastKnownFileType = sourcecode.swift; path = SearchBox.swift; sourceTree = "<group>"; };
		491269AE25822D800083C817 /* MapThumbnailWithExpand.swift */ = {isa = PBXFileReference; lastKnownFileType = sourcecode.swift; path = MapThumbnailWithExpand.swift; sourceTree = "<group>"; };
		491269B325822FB30083C817 /* MapView.swift */ = {isa = PBXFileReference; lastKnownFileType = sourcecode.swift; path = MapView.swift; sourceTree = "<group>"; };
		491C1F9325812F77000EF408 /* LocationButton.swift */ = {isa = PBXFileReference; lastKnownFileType = sourcecode.swift; path = LocationButton.swift; sourceTree = "<group>"; };
		491C1F9925813E5B000EF408 /* MapThumbnailWithDelete.swift */ = {isa = PBXFileReference; lastKnownFileType = sourcecode.swift; path = MapThumbnailWithDelete.swift; sourceTree = "<group>"; };
		4950E0FF256FAE0600FA7E26 /* Thumbnail.swift */ = {isa = PBXFileReference; lastKnownFileType = sourcecode.swift; path = Thumbnail.swift; sourceTree = "<group>"; };
		4950E107256FD61400FA7E26 /* ConversationCardContentsView.swift */ = {isa = PBXFileReference; lastKnownFileType = sourcecode.swift; path = ConversationCardContentsView.swift; sourceTree = "<group>"; };
		4950E10C256FD9F300FA7E26 /* MugShotGridView.swift */ = {isa = PBXFileReference; lastKnownFileType = sourcecode.swift; path = MugShotGridView.swift; sourceTree = "<group>"; };
		496F1ABA2577D9C700B946A9 /* ChatInputBox.swift */ = {isa = PBXFileReference; lastKnownFileType = sourcecode.swift; path = ChatInputBox.swift; sourceTree = "<group>"; };
		496F1ADF2577EC1F00B946A9 /* ThumbNailView.swift */ = {isa = PBXFileReference; lastKnownFileType = sourcecode.swift; path = ThumbNailView.swift; sourceTree = "<group>"; };
		497EF90C2576719B0045A5EA /* Member.swift */ = {isa = PBXFileReference; lastKnownFileType = sourcecode.swift; path = Member.swift; sourceTree = "<group>"; };
		498344A3257E395900E7BAFF /* ThumbnailWithExpand.swift */ = {isa = PBXFileReference; lastKnownFileType = sourcecode.swift; path = ThumbnailWithExpand.swift; sourceTree = "<group>"; };
		498CD5A325795B24007396DC /* ChatRoomView.swift */ = {isa = PBXFileReference; lastKnownFileType = sourcecode.swift; path = ChatRoomView.swift; sourceTree = "<group>"; };
		499E1E89256EB6F50036614F /* Chatster.swift */ = {isa = PBXFileReference; lastKnownFileType = sourcecode.swift; path = Chatster.swift; sourceTree = "<group>"; };
		499E1E96256ED6410036614F /* ConversationListView.swift */ = {isa = PBXFileReference; lastKnownFileType = sourcecode.swift; path = ConversationListView.swift; sourceTree = "<group>"; };
		499E1EA1256FAACC0036614F /* ConversationCardView.swift */ = {isa = PBXFileReference; lastKnownFileType = sourcecode.swift; path = ConversationCardView.swift; sourceTree = "<group>"; };
		49CF1C9225791C3000DF251E /* ButtonTemplate.swift */ = {isa = PBXFileReference; lastKnownFileType = sourcecode.swift; path = ButtonTemplate.swift; sourceTree = "<group>"; };
		49CF1C982579246600DF251E /* CameraButton.swift */ = {isa = PBXFileReference; lastKnownFileType = sourcecode.swift; path = CameraButton.swift; sourceTree = "<group>"; };
		49CF1CA02579258A00DF251E /* AttachButton.swift */ = {isa = PBXFileReference; lastKnownFileType = sourcecode.swift; path = AttachButton.swift; sourceTree = "<group>"; };
		49CF1CA5257926F000DF251E /* ThumbnailWithDelete.swift */ = {isa = PBXFileReference; lastKnownFileType = sourcecode.swift; path = ThumbnailWithDelete.swift; sourceTree = "<group>"; };
		49CF1CAA25792AB600DF251E /* DeleteButton.swift */ = {isa = PBXFileReference; lastKnownFileType = sourcecode.swift; path = DeleteButton.swift; sourceTree = "<group>"; };
		49D1C12D257AA182007343ED /* ChatBubbleView.swift */ = {isa = PBXFileReference; lastKnownFileType = sourcecode.swift; path = ChatBubbleView.swift; sourceTree = "<group>"; };
		49D9327625790E8800F9EB45 /* SendButton.swift */ = {isa = PBXFileReference; lastKnownFileType = sourcecode.swift; path = SendButton.swift; sourceTree = "<group>"; };
		49F00E9C25715C0000ADC23F /* NewConversationView.swift */ = {isa = PBXFileReference; lastKnownFileType = sourcecode.swift; path = NewConversationView.swift; sourceTree = "<group>"; };
/* End PBXFileReference section */

/* Begin PBXFrameworksBuildPhase section */
		49012A28256BEA4C00C3614B /* Frameworks */ = {
			isa = PBXFrameworksBuildPhase;
			buildActionMask = 2147483647;
			files = (
				0A28D33A258B9ABC005D68E3 /* RealmSwift in Frameworks */,
				0A28D338258B9ABC005D68E3 /* Realm in Frameworks */,
			);
			runOnlyForDeploymentPostprocessing = 0;
		};
		49012A39256BEA4E00C3614B /* Frameworks */ = {
			isa = PBXFrameworksBuildPhase;
			buildActionMask = 2147483647;
			files = (
			);
			runOnlyForDeploymentPostprocessing = 0;
		};
		49012A44256BEA4E00C3614B /* Frameworks */ = {
			isa = PBXFrameworksBuildPhase;
			buildActionMask = 2147483647;
			files = (
			);
			runOnlyForDeploymentPostprocessing = 0;
		};
/* End PBXFrameworksBuildPhase section */

/* Begin PBXGroup section */
		0A0E1CA92785AF280087D3C2 /* Custom Previews */ = {
			isa = PBXGroup;
			children = (
				0A0E1CAA2785AF280087D3C2 /* PreviewColorScheme.swift */,
				0A0E1CAB2785AF280087D3C2 /* PreviewNoDevice.swift */,
				0A0E1CAC2785AF280087D3C2 /* PreviewOrientation.swift */,
				49012A6E256BECF200C3614B /* PreviewHelpers.swift */,
				49012B23256C4F4F00C3614B /* SampleData.swift */,
				0A0E1CAD2785AF280087D3C2 /* PreviewDevices.swift */,
			);
			path = "Custom Previews";
			sourceTree = "<group>";
		};
		49012A22256BEA4C00C3614B = {
			isa = PBXGroup;
			children = (
				49012A2D256BEA4C00C3614B /* RChat */,
				49012A3F256BEA4E00C3614B /* RChatTests */,
				49012A4A256BEA4E00C3614B /* RChatUITests */,
				49012A2C256BEA4C00C3614B /* Products */,
			);
			sourceTree = "<group>";
		};
		49012A2C256BEA4C00C3614B /* Products */ = {
			isa = PBXGroup;
			children = (
				49012A2B256BEA4C00C3614B /* RChat.app */,
				49012A3C256BEA4E00C3614B /* RChatTests.xctest */,
				49012A47256BEA4E00C3614B /* RChatUITests.xctest */,
			);
			name = Products;
			sourceTree = "<group>";
		};
		49012A2D256BEA4C00C3614B /* RChat */ = {
			isa = PBXGroup;
			children = (
				0A3520E125949D00006DCC46 /* RChat.entitlements */,
				49012A2E256BEA4C00C3614B /* RChatApp.swift */,
				49012ACB256BEFFA00C3614B /* AppState.swift */,
				49012A77256BEDB300C3614B /* Views */,
				49012A76256BEDA500C3614B /* Model */,
				49012B79256D83F000C3614B /* Helpers */,
				0A0E1CA92785AF280087D3C2 /* Custom Previews */,
				49012A32256BEA4E00C3614B /* Assets.xcassets */,
				49012A37256BEA4E00C3614B /* Info.plist */,
				49012A34256BEA4E00C3614B /* Preview Content */,
			);
			path = RChat;
			sourceTree = "<group>";
		};
		49012A34256BEA4E00C3614B /* Preview Content */ = {
			isa = PBXGroup;
			children = (
				49012A35256BEA4E00C3614B /* Preview Assets.xcassets */,
			);
			path = "Preview Content";
			sourceTree = "<group>";
		};
		49012A3F256BEA4E00C3614B /* RChatTests */ = {
			isa = PBXGroup;
			children = (
				49012A40256BEA4E00C3614B /* RChatTests.swift */,
				49012A42256BEA4E00C3614B /* Info.plist */,
			);
			path = RChatTests;
			sourceTree = "<group>";
		};
		49012A4A256BEA4E00C3614B /* RChatUITests */ = {
			isa = PBXGroup;
			children = (
				49012A4B256BEA4E00C3614B /* RChatUITests.swift */,
				49012A4D256BEA4E00C3614B /* Info.plist */,
			);
			path = RChatUITests;
			sourceTree = "<group>";
		};
		49012A76256BEDA500C3614B /* Model */ = {
			isa = PBXGroup;
			children = (
				49012AEC256BF2DF00C3614B /* User.swift */,
				49012AF1256BF44700C3614B /* UserPreferences.swift */,
				499E1E89256EB6F50036614F /* Chatster.swift */,
				49012AF6256BF59200C3614B /* ChatMessage.swift */,
				49012AFB256BF90100C3614B /* Conversation.swift */,
				497EF90C2576719B0045A5EA /* Member.swift */,
				49012B44256D162D00C3614B /* Photo.swift */,
			);
			path = Model;
			sourceTree = "<group>";
		};
		49012A77256BEDB300C3614B /* Views */ = {
			isa = PBXGroup;
			children = (
				49012A30256BEA4C00C3614B /* ContentView.swift */,
				0A0E1CB4278600DA0087D3C2 /* LoggedInView.swift */,
				49012A9F256BEEAB00C3614B /* Components */,
				49012B03256C239C00C3614B /* User Accounts & Profile */,
				499E1E94256ED5F30036614F /* Conversations */,
				499E1E95256ED60F0036614F /* Chat Messages */,
			);
			path = Views;
			sourceTree = "<group>";
		};
		49012A9F256BEEAB00C3614B /* Components */ = {
			isa = PBXGroup;
			children = (
				491C1F9825813E41000EF408 /* Maps */,
				49CF1C972579242700DF251E /* Buttons */,
				49012B3E256D144F00C3614B /* Pictures */,
				49012AA0256BEEC500C3614B /* LabeledText.swift */,
				49012AA5256BEEFA00C3614B /* InputField.swift */,
				49012AAA256BEF1700C3614B /* CaptionLabel.swift */,
				49012AB7256BEF6E00C3614B /* CallToActionButton.swift */,
				49012ABC256BEF8000C3614B /* LabeledButton.swift */,
				49012AC6256BEFAB00C3614B /* OpaqueProgressView.swift */,
				49012B61256D2E2B00C3614B /* BackButton.swift */,
				49012B8D256D8A7700C3614B /* OnOffCircleView.swift */,
				4910B02B257FF91F00F274F0 /* SearchBox.swift */,
				0A4EA3B3258D32960003F0E4 /* CheckBox.swift */,
				0AC8E20E26EF5753006EF60C /* MarkDown.swift */,
				0AB24A0226F0DC0D00B69B7F /* TextDate.swift */,
			);
			path = Components;
			sourceTree = "<group>";
		};
		49012B03256C239C00C3614B /* User Accounts & Profile */ = {
			isa = PBXGroup;
			children = (
				49012B04256C23CB00C3614B /* LoginView.swift */,
				49012B11256C240F00C3614B /* LogoutButton.swift */,
				49012B28256C678E00C3614B /* UserProfileButton.swift */,
				0A0E1CB22785F4430087D3C2 /* SetUserProfileView.swift */,
				49012B88256D89F100C3614B /* UserAvatarView.swift */,
				49012BA4256E83EB00C3614B /* OnlineAlertSettings.swift */,
			);
			path = "User Accounts & Profile";
			sourceTree = "<group>";
		};
		49012B3E256D144F00C3614B /* Pictures */ = {
			isa = PBXGroup;
			children = (
				49012B3F256D154400C3614B /* AvatarThumbNailView.swift */,
				49012B57256D2BF600C3614B /* UIImage+Thumbnail.swift */,
				49012B5C256D2D9700C3614B /* PhotoFullSizeView.swift */,
				49012B74256D658000C3614B /* AvatarButton.swift */,
				49012B92256D8DB000C3614B /* ThumbnailPhotoView.swift */,
				49012B97256D8FDD00C3614B /* BlankPersonIconView.swift */,
				4950E0FF256FAE0600FA7E26 /* Thumbnail.swift */,
				496F1ADF2577EC1F00B946A9 /* ThumbNailView.swift */,
				49CF1CA5257926F000DF251E /* ThumbnailWithDelete.swift */,
				498344A3257E395900E7BAFF /* ThumbnailWithExpand.swift */,
			);
			path = Pictures;
			sourceTree = "<group>";
		};
		49012B79256D83F000C3614B /* Helpers */ = {
			isa = PBXGroup;
			children = (
				49012B52256D25BC00C3614B /* PhotoCaptureController.swift */,
				49012B7D256D841900C3614B /* LocationHelper.swift */,
			);
			path = Helpers;
			sourceTree = "<group>";
		};
		491C1F9825813E41000EF408 /* Maps */ = {
			isa = PBXGroup;
			children = (
				491C1F9925813E5B000EF408 /* MapThumbnailWithDelete.swift */,
				491269AE25822D800083C817 /* MapThumbnailWithExpand.swift */,
				491269B325822FB30083C817 /* MapView.swift */,
			);
			path = Maps;
			sourceTree = "<group>";
		};
		499E1E94256ED5F30036614F /* Conversations */ = {
			isa = PBXGroup;
			children = (
				499E1E96256ED6410036614F /* ConversationListView.swift */,
				499E1EA1256FAACC0036614F /* ConversationCardView.swift */,
				4950E107256FD61400FA7E26 /* ConversationCardContentsView.swift */,
				4950E10C256FD9F300FA7E26 /* MugShotGridView.swift */,
				49F00E9C25715C0000ADC23F /* NewConversationView.swift */,
				0AD0C7F725D4418A00C2A44D /* SaveConversationButton.swift */,
			);
			path = Conversations;
			sourceTree = "<group>";
		};
		499E1E95256ED60F0036614F /* Chat Messages */ = {
			isa = PBXGroup;
			children = (
				498CD5A325795B24007396DC /* ChatRoomView.swift */,
				0A87398725C9BECD0038F2FE /* ChatRoomBubblesView.swift */,
				49D1C12D257AA182007343ED /* ChatBubbleView.swift */,
				496F1ABA2577D9C700B946A9 /* ChatInputBox.swift */,
				0AEBFBFD25D2DF1A0003D631 /* AuthorView.swift */,
			);
			path = "Chat Messages";
			sourceTree = "<group>";
		};
		49CF1C972579242700DF251E /* Buttons */ = {
			isa = PBXGroup;
			children = (
				49CF1C9225791C3000DF251E /* ButtonTemplate.swift */,
				49D9327625790E8800F9EB45 /* SendButton.swift */,
				49CF1C982579246600DF251E /* CameraButton.swift */,
				49CF1CA02579258A00DF251E /* AttachButton.swift */,
				49CF1CAA25792AB600DF251E /* DeleteButton.swift */,
				491C1F9325812F77000EF408 /* LocationButton.swift */,
			);
			path = Buttons;
			sourceTree = "<group>";
		};
/* End PBXGroup section */

/* Begin PBXNativeTarget section */
		49012A2A256BEA4C00C3614B /* RChat */ = {
			isa = PBXNativeTarget;
			buildConfigurationList = 49012A50256BEA4E00C3614B /* Build configuration list for PBXNativeTarget "RChat" */;
			buildPhases = (
				49012A27256BEA4C00C3614B /* Sources */,
				49012A28256BEA4C00C3614B /* Frameworks */,
				49012A29256BEA4C00C3614B /* Resources */,
				49012AD9256BF1D100C3614B /* ShellScript */,
			);
			buildRules = (
			);
			dependencies = (
			);
			name = RChat;
			packageProductDependencies = (
				0A28D337258B9ABC005D68E3 /* Realm */,
				0A28D339258B9ABC005D68E3 /* RealmSwift */,
			);
			productName = RChat;
			productReference = 49012A2B256BEA4C00C3614B /* RChat.app */;
			productType = "com.apple.product-type.application";
		};
		49012A3B256BEA4E00C3614B /* RChatTests */ = {
			isa = PBXNativeTarget;
			buildConfigurationList = 49012A53256BEA4E00C3614B /* Build configuration list for PBXNativeTarget "RChatTests" */;
			buildPhases = (
				49012A38256BEA4E00C3614B /* Sources */,
				49012A39256BEA4E00C3614B /* Frameworks */,
				49012A3A256BEA4E00C3614B /* Resources */,
			);
			buildRules = (
			);
			dependencies = (
				49012A3E256BEA4E00C3614B /* PBXTargetDependency */,
			);
			name = RChatTests;
			productName = RChatTests;
			productReference = 49012A3C256BEA4E00C3614B /* RChatTests.xctest */;
			productType = "com.apple.product-type.bundle.unit-test";
		};
		49012A46256BEA4E00C3614B /* RChatUITests */ = {
			isa = PBXNativeTarget;
			buildConfigurationList = 49012A56256BEA4E00C3614B /* Build configuration list for PBXNativeTarget "RChatUITests" */;
			buildPhases = (
				49012A43256BEA4E00C3614B /* Sources */,
				49012A44256BEA4E00C3614B /* Frameworks */,
				49012A45256BEA4E00C3614B /* Resources */,
			);
			buildRules = (
			);
			dependencies = (
				49012A49256BEA4E00C3614B /* PBXTargetDependency */,
			);
			name = RChatUITests;
			productName = RChatUITests;
			productReference = 49012A47256BEA4E00C3614B /* RChatUITests.xctest */;
			productType = "com.apple.product-type.bundle.ui-testing";
		};
/* End PBXNativeTarget section */

/* Begin PBXProject section */
		49012A23256BEA4C00C3614B /* Project object */ = {
			isa = PBXProject;
			attributes = {
				LastSwiftUpdateCheck = 1220;
				LastUpgradeCheck = 1220;
				TargetAttributes = {
					49012A2A256BEA4C00C3614B = {
						CreatedOnToolsVersion = 12.2;
					};
					49012A3B256BEA4E00C3614B = {
						CreatedOnToolsVersion = 12.2;
						TestTargetID = 49012A2A256BEA4C00C3614B;
					};
					49012A46256BEA4E00C3614B = {
						CreatedOnToolsVersion = 12.2;
						TestTargetID = 49012A2A256BEA4C00C3614B;
					};
				};
			};
			buildConfigurationList = 49012A26256BEA4C00C3614B /* Build configuration list for PBXProject "RChat" */;
			compatibilityVersion = "Xcode 9.3";
			developmentRegion = en;
			hasScannedForEncodings = 0;
			knownRegions = (
				en,
				Base,
			);
			mainGroup = 49012A22256BEA4C00C3614B;
			packageReferences = (
				0A28D336258B9ABC005D68E3 /* XCRemoteSwiftPackageReference "realm-cocoa" */,
			);
			productRefGroup = 49012A2C256BEA4C00C3614B /* Products */;
			projectDirPath = "";
			projectRoot = "";
			targets = (
				49012A2A256BEA4C00C3614B /* RChat */,
				49012A3B256BEA4E00C3614B /* RChatTests */,
				49012A46256BEA4E00C3614B /* RChatUITests */,
			);
		};
/* End PBXProject section */

/* Begin PBXResourcesBuildPhase section */
		49012A29256BEA4C00C3614B /* Resources */ = {
			isa = PBXResourcesBuildPhase;
			buildActionMask = 2147483647;
			files = (
				49012A36256BEA4E00C3614B /* Preview Assets.xcassets in Resources */,
				49012A33256BEA4E00C3614B /* Assets.xcassets in Resources */,
			);
			runOnlyForDeploymentPostprocessing = 0;
		};
		49012A3A256BEA4E00C3614B /* Resources */ = {
			isa = PBXResourcesBuildPhase;
			buildActionMask = 2147483647;
			files = (
			);
			runOnlyForDeploymentPostprocessing = 0;
		};
		49012A45256BEA4E00C3614B /* Resources */ = {
			isa = PBXResourcesBuildPhase;
			buildActionMask = 2147483647;
			files = (
			);
			runOnlyForDeploymentPostprocessing = 0;
		};
/* End PBXResourcesBuildPhase section */

/* Begin PBXShellScriptBuildPhase section */
		49012AD9256BF1D100C3614B /* ShellScript */ = {
			isa = PBXShellScriptBuildPhase;
			buildActionMask = 2147483647;
			files = (
			);
			inputFileListPaths = (
			);
			inputPaths = (
			);
			outputFileListPaths = (
			);
			outputPaths = (
			);
			runOnlyForDeploymentPostprocessing = 0;
			shellPath = /bin/sh;
			shellScript = "if which \"${PODS_ROOT}/SwiftLint/swiftlint\" >/dev/null; then\n  \"${PODS_ROOT}/SwiftLint/swiftlint\" --path RChat --config \"${SRCROOT}/swiftlint/swiftlint_config.yaml\" \nelse\n  echo \"warning: SwiftLint not installed, run pod install\"\nfi\n";
			showEnvVarsInLog = 0;
		};
/* End PBXShellScriptBuildPhase section */

/* Begin PBXSourcesBuildPhase section */
		49012A27256BEA4C00C3614B /* Sources */ = {
			isa = PBXSourcesBuildPhase;
			buildActionMask = 2147483647;
			files = (
				4950E10D256FD9F300FA7E26 /* MugShotGridView.swift in Sources */,
				49CF1C9325791C3000DF251E /* ButtonTemplate.swift in Sources */,
				0AC8E20F26EF5753006EF60C /* MarkDown.swift in Sources */,
				49012A6F256BECF200C3614B /* PreviewHelpers.swift in Sources */,
				49012B7E256D841900C3614B /* LocationHelper.swift in Sources */,
				49012B5D256D2D9700C3614B /* PhotoFullSizeView.swift in Sources */,
				49012BA5256E83EB00C3614B /* OnlineAlertSettings.swift in Sources */,
				49D9327725790E8800F9EB45 /* SendButton.swift in Sources */,
				49012B58256D2BF600C3614B /* UIImage+Thumbnail.swift in Sources */,
				0A0E1CB02785AF280087D3C2 /* PreviewOrientation.swift in Sources */,
				49012B24256C4F4F00C3614B /* SampleData.swift in Sources */,
				49012AB8256BEF6E00C3614B /* CallToActionButton.swift in Sources */,
				491C1F9425812F77000EF408 /* LocationButton.swift in Sources */,
				499E1E97256ED6410036614F /* ConversationListView.swift in Sources */,
				49D1C12E257AA182007343ED /* ChatBubbleView.swift in Sources */,
				49012AFC256BF90100C3614B /* Conversation.swift in Sources */,
				49012A31256BEA4C00C3614B /* ContentView.swift in Sources */,
				0A0E1CB32785F4430087D3C2 /* SetUserProfileView.swift in Sources */,
				499E1EA2256FAACC0036614F /* ConversationCardView.swift in Sources */,
				49012B75256D658000C3614B /* AvatarButton.swift in Sources */,
				49012B45256D162D00C3614B /* Photo.swift in Sources */,
				491C1F9A25813E5B000EF408 /* MapThumbnailWithDelete.swift in Sources */,
				4950E100256FAE0600FA7E26 /* Thumbnail.swift in Sources */,
				49012AC7256BEFAB00C3614B /* OpaqueProgressView.swift in Sources */,
				49CF1CA6257926F000DF251E /* ThumbnailWithDelete.swift in Sources */,
				496F1ABB2577D9C700B946A9 /* ChatInputBox.swift in Sources */,
				4910B02C257FF91F00F274F0 /* SearchBox.swift in Sources */,
				4950E108256FD61400FA7E26 /* ConversationCardContentsView.swift in Sources */,
				49012B12256C240F00C3614B /* LogoutButton.swift in Sources */,
				0AB24A0326F0DC0D00B69B7F /* TextDate.swift in Sources */,
				49012B93256D8DB000C3614B /* ThumbnailPhotoView.swift in Sources */,
				49012ABD256BEF8000C3614B /* LabeledButton.swift in Sources */,
				49012ACC256BEFFA00C3614B /* AppState.swift in Sources */,
				49CF1CA12579258A00DF251E /* AttachButton.swift in Sources */,
				498344A4257E395900E7BAFF /* ThumbnailWithExpand.swift in Sources */,
				49012AF7256BF59200C3614B /* ChatMessage.swift in Sources */,
				491269B425822FB30083C817 /* MapView.swift in Sources */,
				496F1AE02577EC1F00B946A9 /* ThumbNailView.swift in Sources */,
				49012AA1256BEEC500C3614B /* LabeledText.swift in Sources */,
				499E1E8A256EB6F50036614F /* Chatster.swift in Sources */,
				0A0E1CB5278600DA0087D3C2 /* LoggedInView.swift in Sources */,
				49012B62256D2E2B00C3614B /* BackButton.swift in Sources */,
				49012B53256D25BC00C3614B /* PhotoCaptureController.swift in Sources */,
				49F00E9D25715C0100ADC23F /* NewConversationView.swift in Sources */,
				49012AED256BF2DF00C3614B /* User.swift in Sources */,
				49012B89256D89F100C3614B /* UserAvatarView.swift in Sources */,
				0A87398825C9BECD0038F2FE /* ChatRoomBubblesView.swift in Sources */,
				49012AF2256BF44700C3614B /* UserPreferences.swift in Sources */,
				0AEBFBFE25D2DF1A0003D631 /* AuthorView.swift in Sources */,
				49012AAB256BEF1700C3614B /* CaptionLabel.swift in Sources */,
				49012B29256C678F00C3614B /* UserProfileButton.swift in Sources */,
				49012B40256D154400C3614B /* AvatarThumbNailView.swift in Sources */,
				49012AA6256BEEFA00C3614B /* InputField.swift in Sources */,
				0A0E1CB12785AF280087D3C2 /* PreviewDevices.swift in Sources */,
				49012B05256C23CB00C3614B /* LoginView.swift in Sources */,
				491269AF25822D800083C817 /* MapThumbnailWithExpand.swift in Sources */,
				49CF1C992579246600DF251E /* CameraButton.swift in Sources */,
				49012A2F256BEA4C00C3614B /* RChatApp.swift in Sources */,
				49CF1CAB25792AB600DF251E /* DeleteButton.swift in Sources */,
				49012B98256D8FDD00C3614B /* BlankPersonIconView.swift in Sources */,
				498CD5A425795B24007396DC /* ChatRoomView.swift in Sources */,
				49012B8E256D8A7700C3614B /* OnOffCircleView.swift in Sources */,
				0A4EA3B4258D32960003F0E4 /* CheckBox.swift in Sources */,
				0A0E1CAE2785AF280087D3C2 /* PreviewColorScheme.swift in Sources */,
				497EF90D2576719B0045A5EA /* Member.swift in Sources */,
				0AD0C7F825D4418A00C2A44D /* SaveConversationButton.swift in Sources */,
				0A0E1CAF2785AF280087D3C2 /* PreviewNoDevice.swift in Sources */,
			);
			runOnlyForDeploymentPostprocessing = 0;
		};
		49012A38256BEA4E00C3614B /* Sources */ = {
			isa = PBXSourcesBuildPhase;
			buildActionMask = 2147483647;
			files = (
				49012A41256BEA4E00C3614B /* RChatTests.swift in Sources */,
			);
			runOnlyForDeploymentPostprocessing = 0;
		};
		49012A43256BEA4E00C3614B /* Sources */ = {
			isa = PBXSourcesBuildPhase;
			buildActionMask = 2147483647;
			files = (
				49012A4C256BEA4E00C3614B /* RChatUITests.swift in Sources */,
			);
			runOnlyForDeploymentPostprocessing = 0;
		};
/* End PBXSourcesBuildPhase section */

/* Begin PBXTargetDependency section */
		49012A3E256BEA4E00C3614B /* PBXTargetDependency */ = {
			isa = PBXTargetDependency;
			target = 49012A2A256BEA4C00C3614B /* RChat */;
			targetProxy = 49012A3D256BEA4E00C3614B /* PBXContainerItemProxy */;
		};
		49012A49256BEA4E00C3614B /* PBXTargetDependency */ = {
			isa = PBXTargetDependency;
			target = 49012A2A256BEA4C00C3614B /* RChat */;
			targetProxy = 49012A48256BEA4E00C3614B /* PBXContainerItemProxy */;
		};
/* End PBXTargetDependency section */

/* Begin XCBuildConfiguration section */
		49012A4E256BEA4E00C3614B /* Debug */ = {
			isa = XCBuildConfiguration;
			buildSettings = {
				ALWAYS_SEARCH_USER_PATHS = NO;
				CLANG_ANALYZER_NONNULL = YES;
				CLANG_ANALYZER_NUMBER_OBJECT_CONVERSION = YES_AGGRESSIVE;
				CLANG_CXX_LANGUAGE_STANDARD = "gnu++14";
				CLANG_CXX_LIBRARY = "libc++";
				CLANG_ENABLE_MODULES = YES;
				CLANG_ENABLE_OBJC_ARC = YES;
				CLANG_ENABLE_OBJC_WEAK = YES;
				CLANG_WARN_BLOCK_CAPTURE_AUTORELEASING = YES;
				CLANG_WARN_BOOL_CONVERSION = YES;
				CLANG_WARN_COMMA = YES;
				CLANG_WARN_CONSTANT_CONVERSION = YES;
				CLANG_WARN_DEPRECATED_OBJC_IMPLEMENTATIONS = YES;
				CLANG_WARN_DIRECT_OBJC_ISA_USAGE = YES_ERROR;
				CLANG_WARN_DOCUMENTATION_COMMENTS = YES;
				CLANG_WARN_EMPTY_BODY = YES;
				CLANG_WARN_ENUM_CONVERSION = YES;
				CLANG_WARN_INFINITE_RECURSION = YES;
				CLANG_WARN_INT_CONVERSION = YES;
				CLANG_WARN_NON_LITERAL_NULL_CONVERSION = YES;
				CLANG_WARN_OBJC_IMPLICIT_RETAIN_SELF = YES;
				CLANG_WARN_OBJC_LITERAL_CONVERSION = YES;
				CLANG_WARN_OBJC_ROOT_CLASS = YES_ERROR;
				CLANG_WARN_QUOTED_INCLUDE_IN_FRAMEWORK_HEADER = YES;
				CLANG_WARN_RANGE_LOOP_ANALYSIS = YES;
				CLANG_WARN_STRICT_PROTOTYPES = YES;
				CLANG_WARN_SUSPICIOUS_MOVE = YES;
				CLANG_WARN_UNGUARDED_AVAILABILITY = YES_AGGRESSIVE;
				CLANG_WARN_UNREACHABLE_CODE = YES;
				CLANG_WARN__DUPLICATE_METHOD_MATCH = YES;
				COPY_PHASE_STRIP = NO;
				DEBUG_INFORMATION_FORMAT = dwarf;
				ENABLE_STRICT_OBJC_MSGSEND = YES;
				ENABLE_TESTABILITY = YES;
				GCC_C_LANGUAGE_STANDARD = gnu11;
				GCC_DYNAMIC_NO_PIC = NO;
				GCC_NO_COMMON_BLOCKS = YES;
				GCC_OPTIMIZATION_LEVEL = 0;
				GCC_PREPROCESSOR_DEFINITIONS = (
					"DEBUG=1",
					"$(inherited)",
				);
				GCC_WARN_64_TO_32_BIT_CONVERSION = YES;
				GCC_WARN_ABOUT_RETURN_TYPE = YES_ERROR;
				GCC_WARN_UNDECLARED_SELECTOR = YES;
				GCC_WARN_UNINITIALIZED_AUTOS = YES_AGGRESSIVE;
				GCC_WARN_UNUSED_FUNCTION = YES;
				GCC_WARN_UNUSED_VARIABLE = YES;
				IPHONEOS_DEPLOYMENT_TARGET = 15.0;
				MTL_ENABLE_DEBUG_INFO = INCLUDE_SOURCE;
				MTL_FAST_MATH = YES;
				ONLY_ACTIVE_ARCH = YES;
				SDKROOT = iphoneos;
				SWIFT_ACTIVE_COMPILATION_CONDITIONS = DEBUG;
				SWIFT_OPTIMIZATION_LEVEL = "-Onone";
				TARGETED_DEVICE_FAMILY = "1,2,6";
			};
			name = Debug;
		};
		49012A4F256BEA4E00C3614B /* Release */ = {
			isa = XCBuildConfiguration;
			buildSettings = {
				ALWAYS_SEARCH_USER_PATHS = NO;
				CLANG_ANALYZER_NONNULL = YES;
				CLANG_ANALYZER_NUMBER_OBJECT_CONVERSION = YES_AGGRESSIVE;
				CLANG_CXX_LANGUAGE_STANDARD = "gnu++14";
				CLANG_CXX_LIBRARY = "libc++";
				CLANG_ENABLE_MODULES = YES;
				CLANG_ENABLE_OBJC_ARC = YES;
				CLANG_ENABLE_OBJC_WEAK = YES;
				CLANG_WARN_BLOCK_CAPTURE_AUTORELEASING = YES;
				CLANG_WARN_BOOL_CONVERSION = YES;
				CLANG_WARN_COMMA = YES;
				CLANG_WARN_CONSTANT_CONVERSION = YES;
				CLANG_WARN_DEPRECATED_OBJC_IMPLEMENTATIONS = YES;
				CLANG_WARN_DIRECT_OBJC_ISA_USAGE = YES_ERROR;
				CLANG_WARN_DOCUMENTATION_COMMENTS = YES;
				CLANG_WARN_EMPTY_BODY = YES;
				CLANG_WARN_ENUM_CONVERSION = YES;
				CLANG_WARN_INFINITE_RECURSION = YES;
				CLANG_WARN_INT_CONVERSION = YES;
				CLANG_WARN_NON_LITERAL_NULL_CONVERSION = YES;
				CLANG_WARN_OBJC_IMPLICIT_RETAIN_SELF = YES;
				CLANG_WARN_OBJC_LITERAL_CONVERSION = YES;
				CLANG_WARN_OBJC_ROOT_CLASS = YES_ERROR;
				CLANG_WARN_QUOTED_INCLUDE_IN_FRAMEWORK_HEADER = YES;
				CLANG_WARN_RANGE_LOOP_ANALYSIS = YES;
				CLANG_WARN_STRICT_PROTOTYPES = YES;
				CLANG_WARN_SUSPICIOUS_MOVE = YES;
				CLANG_WARN_UNGUARDED_AVAILABILITY = YES_AGGRESSIVE;
				CLANG_WARN_UNREACHABLE_CODE = YES;
				CLANG_WARN__DUPLICATE_METHOD_MATCH = YES;
				COPY_PHASE_STRIP = NO;
				DEBUG_INFORMATION_FORMAT = "dwarf-with-dsym";
				ENABLE_NS_ASSERTIONS = NO;
				ENABLE_STRICT_OBJC_MSGSEND = YES;
				GCC_C_LANGUAGE_STANDARD = gnu11;
				GCC_NO_COMMON_BLOCKS = YES;
				GCC_WARN_64_TO_32_BIT_CONVERSION = YES;
				GCC_WARN_ABOUT_RETURN_TYPE = YES_ERROR;
				GCC_WARN_UNDECLARED_SELECTOR = YES;
				GCC_WARN_UNINITIALIZED_AUTOS = YES_AGGRESSIVE;
				GCC_WARN_UNUSED_FUNCTION = YES;
				GCC_WARN_UNUSED_VARIABLE = YES;
				IPHONEOS_DEPLOYMENT_TARGET = 15.0;
				MTL_ENABLE_DEBUG_INFO = NO;
				MTL_FAST_MATH = YES;
				SDKROOT = iphoneos;
				SWIFT_COMPILATION_MODE = wholemodule;
				SWIFT_OPTIMIZATION_LEVEL = "-O";
				TARGETED_DEVICE_FAMILY = "1,2,6";
				VALIDATE_PRODUCT = YES;
			};
			name = Release;
		};
		49012A51256BEA4E00C3614B /* Debug */ = {
			isa = XCBuildConfiguration;
			buildSettings = {
				ASSETCATALOG_COMPILER_APPICON_NAME = AppIcon;
				ASSETCATALOG_COMPILER_GLOBAL_ACCENT_COLOR_NAME = AccentColor;
				CODE_SIGN_ENTITLEMENTS = RChat/RChat.entitlements;
				CODE_SIGN_STYLE = Automatic;
				CURRENT_PROJECT_VERSION = 7;
				DEVELOPMENT_ASSET_PATHS = "\"RChat/Preview Content\"";
				DEVELOPMENT_TEAM = CV5PJSAH7N;
				ENABLE_PREVIEWS = YES;
				INFOPLIST_FILE = RChat/Info.plist;
				IPHONEOS_DEPLOYMENT_TARGET = 15.0;
				LD_RUNPATH_SEARCH_PATHS = (
					"$(inherited)",
					"@executable_path/Frameworks",
				);
				PRODUCT_BUNDLE_IDENTIFIER = com.clusterdb.RChat;
				PRODUCT_NAME = "$(TARGET_NAME)";
				SUPPORTS_MACCATALYST = YES;
				SWIFT_VERSION = 5.0;
				TARGETED_DEVICE_FAMILY = "1,2";
			};
			name = Debug;
		};
		49012A52256BEA4E00C3614B /* Release */ = {
			isa = XCBuildConfiguration;
			buildSettings = {
				ASSETCATALOG_COMPILER_APPICON_NAME = AppIcon;
				ASSETCATALOG_COMPILER_GLOBAL_ACCENT_COLOR_NAME = AccentColor;
				CODE_SIGN_ENTITLEMENTS = RChat/RChat.entitlements;
				CODE_SIGN_STYLE = Automatic;
				CURRENT_PROJECT_VERSION = 7;
				DEVELOPMENT_ASSET_PATHS = "\"RChat/Preview Content\"";
				DEVELOPMENT_TEAM = CV5PJSAH7N;
				ENABLE_PREVIEWS = YES;
				INFOPLIST_FILE = RChat/Info.plist;
				IPHONEOS_DEPLOYMENT_TARGET = 15.0;
				LD_RUNPATH_SEARCH_PATHS = (
					"$(inherited)",
					"@executable_path/Frameworks",
				);
				PRODUCT_BUNDLE_IDENTIFIER = com.clusterdb.RChat;
				PRODUCT_NAME = "$(TARGET_NAME)";
				SUPPORTS_MACCATALYST = YES;
				SWIFT_VERSION = 5.0;
				TARGETED_DEVICE_FAMILY = "1,2";
			};
			name = Release;
		};
		49012A54256BEA4E00C3614B /* Debug */ = {
			isa = XCBuildConfiguration;
			buildSettings = {
				ALWAYS_EMBED_SWIFT_STANDARD_LIBRARIES = "$(inherited)";
				BUNDLE_LOADER = "$(TEST_HOST)";
				CODE_SIGN_STYLE = Automatic;
				DEVELOPMENT_TEAM = CV5PJSAH7N;
				INFOPLIST_FILE = RChatTests/Info.plist;
				IPHONEOS_DEPLOYMENT_TARGET = 15.0;
				LD_RUNPATH_SEARCH_PATHS = (
					"$(inherited)",
					"@executable_path/Frameworks",
					"@loader_path/Frameworks",
				);
				PRODUCT_BUNDLE_IDENTIFIER = com.clusterdb.RChatTests;
				PRODUCT_NAME = "$(TARGET_NAME)";
				SWIFT_VERSION = 5.0;
				TARGETED_DEVICE_FAMILY = "1,2";
				TEST_HOST = "$(BUILT_PRODUCTS_DIR)/RChat.app/RChat";
			};
			name = Debug;
		};
		49012A55256BEA4E00C3614B /* Release */ = {
			isa = XCBuildConfiguration;
			buildSettings = {
				ALWAYS_EMBED_SWIFT_STANDARD_LIBRARIES = "$(inherited)";
				BUNDLE_LOADER = "$(TEST_HOST)";
				CODE_SIGN_STYLE = Automatic;
				DEVELOPMENT_TEAM = CV5PJSAH7N;
				INFOPLIST_FILE = RChatTests/Info.plist;
				IPHONEOS_DEPLOYMENT_TARGET = 15.0;
				LD_RUNPATH_SEARCH_PATHS = (
					"$(inherited)",
					"@executable_path/Frameworks",
					"@loader_path/Frameworks",
				);
				PRODUCT_BUNDLE_IDENTIFIER = com.clusterdb.RChatTests;
				PRODUCT_NAME = "$(TARGET_NAME)";
				SWIFT_VERSION = 5.0;
				TARGETED_DEVICE_FAMILY = "1,2";
				TEST_HOST = "$(BUILT_PRODUCTS_DIR)/RChat.app/RChat";
			};
			name = Release;
		};
		49012A57256BEA4E00C3614B /* Debug */ = {
			isa = XCBuildConfiguration;
			buildSettings = {
				ALWAYS_EMBED_SWIFT_STANDARD_LIBRARIES = "$(inherited)";
				CODE_SIGN_STYLE = Automatic;
				DEVELOPMENT_TEAM = CV5PJSAH7N;
				INFOPLIST_FILE = RChatUITests/Info.plist;
				LD_RUNPATH_SEARCH_PATHS = (
					"$(inherited)",
					"@executable_path/Frameworks",
					"@loader_path/Frameworks",
				);
				PRODUCT_BUNDLE_IDENTIFIER = com.clusterdb.RChatUITests;
				PRODUCT_NAME = "$(TARGET_NAME)";
				SWIFT_VERSION = 5.0;
				TARGETED_DEVICE_FAMILY = "1,2";
				TEST_TARGET_NAME = RChat;
			};
			name = Debug;
		};
		49012A58256BEA4E00C3614B /* Release */ = {
			isa = XCBuildConfiguration;
			buildSettings = {
				ALWAYS_EMBED_SWIFT_STANDARD_LIBRARIES = "$(inherited)";
				CODE_SIGN_STYLE = Automatic;
				DEVELOPMENT_TEAM = CV5PJSAH7N;
				INFOPLIST_FILE = RChatUITests/Info.plist;
				LD_RUNPATH_SEARCH_PATHS = (
					"$(inherited)",
					"@executable_path/Frameworks",
					"@loader_path/Frameworks",
				);
				PRODUCT_BUNDLE_IDENTIFIER = com.clusterdb.RChatUITests;
				PRODUCT_NAME = "$(TARGET_NAME)";
				SWIFT_VERSION = 5.0;
				TARGETED_DEVICE_FAMILY = "1,2";
				TEST_TARGET_NAME = RChat;
			};
			name = Release;
		};
/* End XCBuildConfiguration section */

/* Begin XCConfigurationList section */
		49012A26256BEA4C00C3614B /* Build configuration list for PBXProject "RChat" */ = {
			isa = XCConfigurationList;
			buildConfigurations = (
				49012A4E256BEA4E00C3614B /* Debug */,
				49012A4F256BEA4E00C3614B /* Release */,
			);
			defaultConfigurationIsVisible = 0;
			defaultConfigurationName = Release;
		};
		49012A50256BEA4E00C3614B /* Build configuration list for PBXNativeTarget "RChat" */ = {
			isa = XCConfigurationList;
			buildConfigurations = (
				49012A51256BEA4E00C3614B /* Debug */,
				49012A52256BEA4E00C3614B /* Release */,
			);
			defaultConfigurationIsVisible = 0;
			defaultConfigurationName = Release;
		};
		49012A53256BEA4E00C3614B /* Build configuration list for PBXNativeTarget "RChatTests" */ = {
			isa = XCConfigurationList;
			buildConfigurations = (
				49012A54256BEA4E00C3614B /* Debug */,
				49012A55256BEA4E00C3614B /* Release */,
			);
			defaultConfigurationIsVisible = 0;
			defaultConfigurationName = Release;
		};
		49012A56256BEA4E00C3614B /* Build configuration list for PBXNativeTarget "RChatUITests" */ = {
			isa = XCConfigurationList;
			buildConfigurations = (
				49012A57256BEA4E00C3614B /* Debug */,
				49012A58256BEA4E00C3614B /* Release */,
			);
			defaultConfigurationIsVisible = 0;
			defaultConfigurationName = Release;
		};
/* End XCConfigurationList section */

/* Begin XCRemoteSwiftPackageReference section */
		0A28D336258B9ABC005D68E3 /* XCRemoteSwiftPackageReference "realm-cocoa" */ = {
			isa = XCRemoteSwiftPackageReference;
			repositoryURL = "https://github.com/realm/realm-cocoa.git";
			requirement = {
				kind = exactVersion;
				version = 10.32.0;
			};
		};
/* End XCRemoteSwiftPackageReference section */

/* Begin XCSwiftPackageProductDependency section */
		0A28D337258B9ABC005D68E3 /* Realm */ = {
			isa = XCSwiftPackageProductDependency;
			package = 0A28D336258B9ABC005D68E3 /* XCRemoteSwiftPackageReference "realm-cocoa" */;
			productName = Realm;
		};
		0A28D339258B9ABC005D68E3 /* RealmSwift */ = {
			isa = XCSwiftPackageProductDependency;
			package = 0A28D336258B9ABC005D68E3 /* XCRemoteSwiftPackageReference "realm-cocoa" */;
			productName = RealmSwift;
		};
/* End XCSwiftPackageProductDependency section */
	};
	rootObject = 49012A23256BEA4C00C3614B /* Project object */;
}
