{
  "pins" : [
    {
      "identity" : "realm-cocoa",
      "kind" : "remoteSourceControl",
      "location" : "https://github.com/realm/realm-cocoa.git",
      "state" : {
        "revision" : "933abaa8076966e237e66497def74df84c6adbb4",
        "version" : "10.42.0"
      }
    },
    {
      "identity" : "realm-core",
      "kind" : "remoteSourceControl",
      "location" : "https://github.com/realm/realm-core",
      "state" : {
        "revision" : "c04f5e401a1ec682e6b08b1ee157e19a0f834a5f",
        "version" : "13.17.1"
      }
    }
  ],
  "version" : 2
}
