{
  "object": {
    "pins": [
      {
        "package": "Realm",
        "repositoryURL": "https://github.com/realm/realm-cocoa.git",
        "state": {
          "branch": null,
          "revision": "83a07f6a508c3427058d9e2c466208d0b6a960fa",
          "version": "10.12.0"
        }
      },
      {
        "package": "RealmDatabase",
        "repositoryURL": "https://github.com/realm/realm-core",
        "state": {
          "branch": null,
          "revision": "e72b3078bfc5c3f69a0b18f7a220be27e28c463f",
          "version": "11.2.0"
        }
      }
    ]
  },
  "version": 1
}
