{
  "object": {
    "pins": [
      {
        "package": "Realm",
        "repositoryURL": "https://github.com/realm/realm-cocoa.git",
        "state": {
          "branch": "jf/swiftui-realm-state",
          "revision": "3652d16bc9e81099276d86b1d7d6b7d68000a185",
          "version": null
        }
      },
      {
        "package": "RealmDatabase",
        "repositoryURL": "https://github.com/realm/realm-core",
        "state": {
          "branch": null,
          "revision": "b93ab22d2ff79b105f2a83450e5630d830166cfc",
          "version": "10.4.0"
        }
      }
    ]
  },
  "version": 1
}
