{
  "object": {
    "pins": [
      {
        "package": "Realm",
        "repositoryURL": "https://github.com/realm/realm-cocoa.git",
        "state": {
          "branch": null,
          "revision": "9dff9f2862240d521ad6ad599541269177ddb993",
          "version": "10.22.0"
        }
      },
      {
        "package": "RealmDatabase",
        "repositoryURL": "https://github.com/realm/realm-core",
        "state": {
          "branch": null,
          "revision": "6b81f1a7a2d421f9e0b9e7f04e76bcf736a54409",
          "version": "11.9.0"
        }
      }
    ]
  },
  "version": 1
}
